
Microsoft Visual Studio Solution File, Format Version 12.00
# Visual Studio 15
VisualStudioVersion = 15.0.27004.2002
MinimumVisualStudioVersion = 10.0.40219.1
Project("{8BC9CEB8-8B4A-11D0-8D11-00A0C91BC942}") = "PracticeWithC", "PracticeWithC\PracticeWithC.vcxproj", "{D05CC74E-0089-4EE4-BF87-4EBEC73F8F2B}"
EndProject
Global
	GlobalSection(SolutionConfigurationPlatforms) = preSolution
		Debug|x64 = Debug|x64
		Debug|x86 = Debug|x86
		Release|x64 = Release|x64
		Release|x86 = Release|x86
	EndGlobalSection
	GlobalSection(ProjectConfigurationPlatforms) = postSolution
		{D05CC74E-0089-4EE4-BF87-4EBEC73F8F2B}.Debug|x64.ActiveCfg = Debug|x64
		{D05CC74E-0089-4EE4-BF87-4EBEC73F8F2B}.Debug|x64.Build.0 = Debug|x64
		{D05CC74E-0089-4EE4-BF87-4EBEC73F8F2B}.Debug|x86.ActiveCfg = Debug|Win32
		{D05CC74E-0089-4EE4-BF87-4EBEC73F8F2B}.Debug|x86.Build.0 = Debug|Win32
		{D05CC74E-0089-4EE4-BF87-4EBEC73F8F2B}.Release|x64.ActiveCfg = Release|x64
		{D05CC74E-0089-4EE4-BF87-4EBEC73F8F2B}.Release|x64.Build.0 = Release|x64
		{D05CC74E-0089-4EE4-BF87-4EBEC73F8F2B}.Release|x86.ActiveCfg = Release|Win32
		{D05CC74E-0089-4EE4-BF87-4EBEC73F8F2B}.Release|x86.Build.0 = Release|Win32
	EndGlobalSection
	GlobalSection(SolutionProperties) = preSolution
		HideSolutionNode = FALSE
	EndGlobalSection
	GlobalSection(ExtensibilityGlobals) = postSolution
		SolutionGuid = {B2C20FC1-7A0C-4EC3-8C92-403F92D6E347}
	EndGlobalSection
EndGlobal
